
Microsoft Visual Studio Solution File, Format Version 12.00
# Visual Studio Version 17
VisualStudioVersion = 17.1.32210.238
MinimumVisualStudioVersion = 10.0.40219.1
Project("{FAE04EC0-301F-11D3-BF4B-00C04F79EFBC}") = "Lesson2 (курсы)", "Lesson2 (курсы)\Lesson2 (курсы).csproj", "{249E1949-A7A1-4D28-8C14-ECFC882F3289}"
EndProject
Global
	GlobalSection(SolutionConfigurationPlatforms) = preSolution
		Debug|Any CPU = Debug|Any CPU
		Release|Any CPU = Release|Any CPU
	EndGlobalSection
	GlobalSection(ProjectConfigurationPlatforms) = postSolution
		{249E1949-A7A1-4D28-8C14-ECFC882F3289}.Debug|Any CPU.ActiveCfg = Debug|Any CPU
		{249E1949-A7A1-4D28-8C14-ECFC882F3289}.Debug|Any CPU.Build.0 = Debug|Any CPU
		{249E1949-A7A1-4D28-8C14-ECFC882F3289}.Release|Any CPU.ActiveCfg = Release|Any CPU
		{249E1949-A7A1-4D28-8C14-ECFC882F3289}.Release|Any CPU.Build.0 = Release|Any CPU
	EndGlobalSection
	GlobalSection(SolutionProperties) = preSolution
		HideSolutionNode = FALSE
	EndGlobalSection
	GlobalSection(ExtensibilityGlobals) = postSolution
		SolutionGuid = {EAE15107-CD8F-4934-9759-3ACA69F7822C}
	EndGlobalSection
EndGlobal
